
Microsoft Visual Studio Solution File, Format Version 12.00
# Visual Studio Version 16
VisualStudioVersion = 16.0.28922.388
MinimumVisualStudioVersion = 10.0.40219.1
Project("{FAE04EC0-301F-11D3-BF4B-00C04F79EFBC}") = "TestingGraphql", "TestingGraphql\TestingGraphql.csproj", "{4667E1A7-1345-429C-BF4F-5DCE43B5474F}"
EndProject
Global
	GlobalSection(SolutionConfigurationPlatforms) = preSolution
		Debug|Any CPU = Debug|Any CPU
		Release|Any CPU = Release|Any CPU
	EndGlobalSection
	GlobalSection(ProjectConfigurationPlatforms) = postSolution
		{4667E1A7-1345-429C-BF4F-5DCE43B5474F}.Debug|Any CPU.ActiveCfg = Debug|Any CPU
		{4667E1A7-1345-429C-BF4F-5DCE43B5474F}.Debug|Any CPU.Build.0 = Debug|Any CPU
		{4667E1A7-1345-429C-BF4F-5DCE43B5474F}.Release|Any CPU.ActiveCfg = Release|Any CPU
		{4667E1A7-1345-429C-BF4F-5DCE43B5474F}.Release|Any CPU.Build.0 = Release|Any CPU
	EndGlobalSection
	GlobalSection(SolutionProperties) = preSolution
		HideSolutionNode = FALSE
	EndGlobalSection
	GlobalSection(ExtensibilityGlobals) = postSolution
		SolutionGuid = {A6E06EB2-21E9-4529-834D-A8BF4533CED3}
	EndGlobalSection
EndGlobal
